Microsoft Visual Studio Solution File, Format Version 12.00
# Visual Studio Version 16
VisualStudioVersion = 16.0.28922.388
MinimumVisualStudioVersion = 10.0.40219.1
Project("{8BC9CEB8-8B4A-11D0-8D11-00A0C91BC942}") = "gettex", "..\GetTex\gettex.vcxproj", "{EC92BF1A-398D-4F43-839B-90AA746066E6}"
	ProjectSection(ProjectDependencies) = postProject
		{A4B81847-B9B2-4766-A203-F28567E053CF} = {A4B81847-B9B2-4766-A203-F28567E053CF}
		{745DEC58-EBB3-47A9-A9B8-4C6627C01BF8} = {745DEC58-EBB3-47A9-A9B8-4C6627C01BF8}
	EndProjectSection
EndProject
Project("{8BC9CEB8-8B4A-11D0-8D11-00A0C91BC942}") = "getvrml", "..\GetVrml\getvrml.vcxproj", "{1F47D2CA-05A3-46F1-AD58-4756C1E928E6}"
	ProjectSection(ProjectDependencies) = postProject
		{A4B81847-B9B2-4766-A203-F28567E053CF} = {A4B81847-B9B2-4766-A203-F28567E053CF}
		{745DEC58-EBB3-47A9-A9B8-4C6627C01BF8} = {745DEC58-EBB3-47A9-A9B8-4C6627C01BF8}
		{2D44B585-928F-4FFE-A3C8-6ACEBCB6409F} = {2D44B585-928F-4FFE-A3C8-6ACEBCB6409F}
	EndProjectSection
EndProject
Project("{8BC9CEB8-8B4A-11D0-8D11-00A0C91BC942}") = "GetAnimation", "..\GetAnimation\GetAnimation.vcxproj", "{57E19F61-4D16-4D65-92C8-15127663DE4C}"
	ProjectSection(ProjectDependencies) = postProject
		{A4B81847-B9B2-4766-A203-F28567E053CF} = {A4B81847-B9B2-4766-A203-F28567E053CF}
		{745DEC58-EBB3-47A9-A9B8-4C6627C01BF8} = {745DEC58-EBB3-47A9-A9B8-4C6627C01BF8}
		{2D44B585-928F-4FFE-A3C8-6ACEBCB6409F} = {2D44B585-928F-4FFE-A3C8-6ACEBCB6409F}
	EndProjectSection
EndProject
Project("{8BC9CEB8-8B4A-11D0-8D11-00A0C91BC942}") = "UtilitiesLib", "..\libs\UtilitiesLib\UtilitiesLib.vcxproj", "{A6741F6E-5476-4F9F-9D65-62B54AAF1D08}"
	ProjectSection(ProjectDependencies) = postProject
		{2D44B585-928F-4FFE-A3C8-6ACEBCB6409F} = {2D44B585-928F-4FFE-A3C8-6ACEBCB6409F}
	EndProjectSection
EndProject
Project("{8BC9CEB8-8B4A-11D0-8D11-00A0C91BC942}") = "GetAnimation2", "..\GetAnimation2\GetAnimation2.vcxproj", "{4AA11062-3CF4-4267-B1BF-0B735047A58E}"
	ProjectSection(ProjectDependencies) = postProject
		{A4B81847-B9B2-4766-A203-F28567E053CF} = {A4B81847-B9B2-4766-A203-F28567E053CF}
		{745DEC58-EBB3-47A9-A9B8-4C6627C01BF8} = {745DEC58-EBB3-47A9-A9B8-4C6627C01BF8}
		{2D44B585-928F-4FFE-A3C8-6ACEBCB6409F} = {2D44B585-928F-4FFE-A3C8-6ACEBCB6409F}
	EndProjectSection
EndProject
Project("{8BC9CEB8-8B4A-11D0-8D11-00A0C91BC942}") = "StructParser", "..\Utilities\StructParser\StructParser.vcxproj", "{2D44B585-928F-4FFE-A3C8-6ACEBCB6409F}"
EndProject
Project("{8BC9CEB8-8B4A-11D0-8D11-00A0C91BC942}") = "cryptlib", "..\3rdparty\cryptopp\cryptlib.vcxproj", "{A4B81847-B9B2-4766-A203-F28567E053CF}"
EndProject
Project("{8BC9CEB8-8B4A-11D0-8D11-00A0C91BC942}") = "zlibstat", "..\3rdparty\zlibsrc\zlibstat.vcxproj", "{745DEC58-EBB3-47A9-A9B8-4C6627C01BF8}"
EndProject
Global
	GlobalSection(SolutionConfigurationPlatforms) = preSolution
		Beaconizer|Win32 = Beaconizer|Win32
		Beaconizer|x64 = Beaconizer|x64
		Beaconizer|x86 = Beaconizer|x86
		Debug MX|Win32 = Debug MX|Win32
		Debug MX|x64 = Debug MX|x64
		Debug MX|x86 = Debug MX|x86
		Debug|Win32 = Debug|Win32
		Debug|x64 = Debug|x64
		Debug|x86 = Debug|x86
		Full Debug|Win32 = Full Debug|Win32
		Full Debug|x64 = Full Debug|x64
		Full Debug|x86 = Full Debug|x86
		Opt Debug|Win32 = Opt Debug|Win32
		Opt Debug|x64 = Opt Debug|x64
		Opt Debug|x86 = Opt Debug|x86
		Release MX|Win32 = Release MX|Win32
		Release MX|x64 = Release MX|x64
		Release MX|x86 = Release MX|x86
		Release|Win32 = Release|Win32
		Release|x64 = Release|x64
		Release|x86 = Release|x86
		Template|Win32 = Template|Win32
		Template|x64 = Template|x64
		Template|x86 = Template|x86
		TextClientDebug|Win32 = TextClientDebug|Win32
		TextClientDebug|x64 = TextClientDebug|x64
		TextClientDebug|x86 = TextClientDebug|x86
	EndGlobalSection
	GlobalSection(ProjectConfigurationPlatforms) = postSolution
		{EC92BF1A-398D-4F43-839B-90AA746066E6}.Beaconizer|Win32.ActiveCfg = Full Debug|Win32
		{EC92BF1A-398D-4F43-839B-90AA746066E6}.Beaconizer|Win32.Build.0 = Full Debug|Win32
		{EC92BF1A-398D-4F43-839B-90AA746066E6}.Beaconizer|x64.ActiveCfg = Full Debug|Win32
		{EC92BF1A-398D-4F43-839B-90AA746066E6}.Beaconizer|x64.Build.0 = Full Debug|Win32
		{EC92BF1A-398D-4F43-839B-90AA746066E6}.Beaconizer|x86.ActiveCfg = Full Debug|Win32
		{EC92BF1A-398D-4F43-839B-90AA746066E6}.Beaconizer|x86.Build.0 = Full Debug|Win32
		{EC92BF1A-398D-4F43-839B-90AA746066E6}.Debug MX|Win32.ActiveCfg = Debug|Win32
		{EC92BF1A-398D-4F43-839B-90AA746066E6}.Debug MX|Win32.Build.0 = Debug|Win32
		{EC92BF1A-398D-4F43-839B-90AA746066E6}.Debug MX|x64.ActiveCfg = Full Debug|Win32
		{EC92BF1A-398D-4F43-839B-90AA746066E6}.Debug MX|x64.Build.0 = Full Debug|Win32
		{EC92BF1A-398D-4F43-839B-90AA746066E6}.Debug MX|x86.ActiveCfg = Debug|Win32
		{EC92BF1A-398D-4F43-839B-90AA746066E6}.Debug MX|x86.Build.0 = Debug|Win32
		{EC92BF1A-398D-4F43-839B-90AA746066E6}.Debug|Win32.ActiveCfg = Debug|Win32
		{EC92BF1A-398D-4F43-839B-90AA746066E6}.Debug|Win32.Build.0 = Debug|Win32
		{EC92BF1A-398D-4F43-839B-90AA746066E6}.Debug|x64.ActiveCfg = Debug|Win32
		{EC92BF1A-398D-4F43-839B-90AA746066E6}.Debug|x86.ActiveCfg = Debug|Win32
		{EC92BF1A-398D-4F43-839B-90AA746066E6}.Debug|x86.Build.0 = Debug|Win32
		{EC92BF1A-398D-4F43-839B-90AA746066E6}.Full Debug|Win32.ActiveCfg = Full Debug|Win32
		{EC92BF1A-398D-4F43-839B-90AA746066E6}.Full Debug|Win32.Build.0 = Full Debug|Win32
		{EC92BF1A-398D-4F43-839B-90AA746066E6}.Full Debug|x64.ActiveCfg = Full Debug|Win32
		{EC92BF1A-398D-4F43-839B-90AA746066E6}.Full Debug|x86.ActiveCfg = Full Debug|Win32
		{EC92BF1A-398D-4F43-839B-90AA746066E6}.Full Debug|x86.Build.0 = Full Debug|Win32
		{EC92BF1A-398D-4F43-839B-90AA746066E6}.Opt Debug|Win32.ActiveCfg = Debug|Win32
		{EC92BF1A-398D-4F43-839B-90AA746066E6}.Opt Debug|Win32.Build.0 = Debug|Win32
		{EC92BF1A-398D-4F43-839B-90AA746066E6}.Opt Debug|x64.ActiveCfg = Full Debug|Win32
		{EC92BF1A-398D-4F43-839B-90AA746066E6}.Opt Debug|x64.Build.0 = Full Debug|Win32
		{EC92BF1A-398D-4F43-839B-90AA746066E6}.Opt Debug|x86.ActiveCfg = Debug|Win32
		{EC92BF1A-398D-4F43-839B-90AA746066E6}.Opt Debug|x86.Build.0 = Debug|Win32
		{EC92BF1A-398D-4F43-839B-90AA746066E6}.Release MX|Win32.ActiveCfg = Full Debug|Win32
		{EC92BF1A-398D-4F43-839B-90AA746066E6}.Release MX|Win32.Build.0 = Full Debug|Win32
		{EC92BF1A-398D-4F43-839B-90AA746066E6}.Release MX|x64.ActiveCfg = Full Debug|Win32
		{EC92BF1A-398D-4F43-839B-90AA746066E6}.Release MX|x64.Build.0 = Full Debug|Win32
		{EC92BF1A-398D-4F43-839B-90AA746066E6}.Release MX|x86.ActiveCfg = Full Debug|Win32
		{EC92BF1A-398D-4F43-839B-90AA746066E6}.Release MX|x86.Build.0 = Full Debug|Win32
		{EC92BF1A-398D-4F43-839B-90AA746066E6}.Release|Win32.ActiveCfg = Full Debug|Win32
		{EC92BF1A-398D-4F43-839B-90AA746066E6}.Release|Win32.Build.0 = Full Debug|Win32
		{EC92BF1A-398D-4F43-839B-90AA746066E6}.Release|x64.ActiveCfg = Full Debug|Win32
		{EC92BF1A-398D-4F43-839B-90AA746066E6}.Release|x64.Build.0 = Full Debug|Win32
		{EC92BF1A-398D-4F43-839B-90AA746066E6}.Release|x86.ActiveCfg = Full Debug|Win32
		{EC92BF1A-398D-4F43-839B-90AA746066E6}.Release|x86.Build.0 = Full Debug|Win32
		{EC92BF1A-398D-4F43-839B-90AA746066E6}.Template|Win32.ActiveCfg = Full Debug|Win32
		{EC92BF1A-398D-4F43-839B-90AA746066E6}.Template|Win32.Build.0 = Full Debug|Win32
		{EC92BF1A-398D-4F43-839B-90AA746066E6}.Template|x64.ActiveCfg = Full Debug|Win32
		{EC92BF1A-398D-4F43-839B-90AA746066E6}.Template|x64.Build.0 = Full Debug|Win32
		{EC92BF1A-398D-4F43-839B-90AA746066E6}.Template|x86.ActiveCfg = Full Debug|Win32
		{EC92BF1A-398D-4F43-839B-90AA746066E6}.Template|x86.Build.0 = Full Debug|Win32
		{EC92BF1A-398D-4F43-839B-90AA746066E6}.TextClientDebug|Win32.ActiveCfg = Debug|Win32
		{EC92BF1A-398D-4F43-839B-90AA746066E6}.TextClientDebug|Win32.Build.0 = Debug|Win32
		{EC92BF1A-398D-4F43-839B-90AA746066E6}.TextClientDebug|x64.ActiveCfg = Full Debug|Win32
		{EC92BF1A-398D-4F43-839B-90AA746066E6}.TextClientDebug|x64.Build.0 = Full Debug|Win32
		{EC92BF1A-398D-4F43-839B-90AA746066E6}.TextClientDebug|x86.ActiveCfg = Debug|Win32
		{EC92BF1A-398D-4F43-839B-90AA746066E6}.TextClientDebug|x86.Build.0 = Debug|Win32
		{1F47D2CA-05A3-46F1-AD58-4756C1E928E6}.Beaconizer|Win32.ActiveCfg = Full Debug|Win32
		{1F47D2CA-05A3-46F1-AD58-4756C1E928E6}.Beaconizer|Win32.Build.0 = Full Debug|Win32
		{1F47D2CA-05A3-46F1-AD58-4756C1E928E6}.Beaconizer|x64.ActiveCfg = Full Debug|Win32
		{1F47D2CA-05A3-46F1-AD58-4756C1E928E6}.Beaconizer|x64.Build.0 = Full Debug|Win32
		{1F47D2CA-05A3-46F1-AD58-4756C1E928E6}.Beaconizer|x86.ActiveCfg = Full Debug|Win32
		{1F47D2CA-05A3-46F1-AD58-4756C1E928E6}.Beaconizer|x86.Build.0 = Full Debug|Win32
		{1F47D2CA-05A3-46F1-AD58-4756C1E928E6}.Debug MX|Win32.ActiveCfg = Debug|Win32
		{1F47D2CA-05A3-46F1-AD58-4756C1E928E6}.Debug MX|Win32.Build.0 = Debug|Win32
		{1F47D2CA-05A3-46F1-AD58-4756C1E928E6}.Debug MX|x64.ActiveCfg = Full Debug|Win32
		{1F47D2CA-05A3-46F1-AD58-4756C1E928E6}.Debug MX|x64.Build.0 = Full Debug|Win32
		{1F47D2CA-05A3-46F1-AD58-4756C1E928E6}.Debug MX|x86.ActiveCfg = Debug|Win32
		{1F47D2CA-05A3-46F1-AD58-4756C1E928E6}.Debug MX|x86.Build.0 = Debug|Win32
		{1F47D2CA-05A3-46F1-AD58-4756C1E928E6}.Debug|Win32.ActiveCfg = Debug|Win32
		{1F47D2CA-05A3-46F1-AD58-4756C1E928E6}.Debug|Win32.Build.0 = Debug|Win32
		{1F47D2CA-05A3-46F1-AD58-4756C1E928E6}.Debug|x64.ActiveCfg = Debug|Win32
		{1F47D2CA-05A3-46F1-AD58-4756C1E928E6}.Debug|x86.ActiveCfg = Debug|Win32
		{1F47D2CA-05A3-46F1-AD58-4756C1E928E6}.Debug|x86.Build.0 = Debug|Win32
		{1F47D2CA-05A3-46F1-AD58-4756C1E928E6}.Full Debug|Win32.ActiveCfg = Full Debug|Win32
		{1F47D2CA-05A3-46F1-AD58-4756C1E928E6}.Full Debug|Win32.Build.0 = Full Debug|Win32
		{1F47D2CA-05A3-46F1-AD58-4756C1E928E6}.Full Debug|x64.ActiveCfg = Full Debug|Win32
		{1F47D2CA-05A3-46F1-AD58-4756C1E928E6}.Full Debug|x86.ActiveCfg = Full Debug|Win32
		{1F47D2CA-05A3-46F1-AD58-4756C1E928E6}.Full Debug|x86.Build.0 = Full Debug|Win32
		{1F47D2CA-05A3-46F1-AD58-4756C1E928E6}.Opt Debug|Win32.ActiveCfg = Debug|Win32
		{1F47D2CA-05A3-46F1-AD58-4756C1E928E6}.Opt Debug|Win32.Build.0 = Debug|Win32
		{1F47D2CA-05A3-46F1-AD58-4756C1E928E6}.Opt Debug|x64.ActiveCfg = Full Debug|Win32
		{1F47D2CA-05A3-46F1-AD58-4756C1E928E6}.Opt Debug|x64.Build.0 = Full Debug|Win32
		{1F47D2CA-05A3-46F1-AD58-4756C1E928E6}.Opt Debug|x86.ActiveCfg = Debug|Win32
		{1F47D2CA-05A3-46F1-AD58-4756C1E928E6}.Opt Debug|x86.Build.0 = Debug|Win32
		{1F47D2CA-05A3-46F1-AD58-4756C1E928E6}.Release MX|Win32.ActiveCfg = Full Debug|Win32
		{1F47D2CA-05A3-46F1-AD58-4756C1E928E6}.Release MX|Win32.Build.0 = Full Debug|Win32
		{1F47D2CA-05A3-46F1-AD58-4756C1E928E6}.Release MX|x64.ActiveCfg = Full Debug|Win32
		{1F47D2CA-05A3-46F1-AD58-4756C1E928E6}.Release MX|x64.Build.0 = Full Debug|Win32
		{1F47D2CA-05A3-46F1-AD58-4756C1E928E6}.Release MX|x86.ActiveCfg = Full Debug|Win32
		{1F47D2CA-05A3-46F1-AD58-4756C1E928E6}.Release MX|x86.Build.0 = Full Debug|Win32
		{1F47D2CA-05A3-46F1-AD58-4756C1E928E6}.Release|Win32.ActiveCfg = Full Debug|Win32
		{1F47D2CA-05A3-46F1-AD58-4756C1E928E6}.Release|Win32.Build.0 = Full Debug|Win32
		{1F47D2CA-05A3-46F1-AD58-4756C1E928E6}.Release|x64.ActiveCfg = Full Debug|Win32
		{1F47D2CA-05A3-46F1-AD58-4756C1E928E6}.Release|x64.Build.0 = Full Debug|Win32
		{1F47D2CA-05A3-46F1-AD58-4756C1E928E6}.Release|x86.ActiveCfg = Full Debug|Win32
		{1F47D2CA-05A3-46F1-AD58-4756C1E928E6}.Release|x86.Build.0 = Full Debug|Win32
		{1F47D2CA-05A3-46F1-AD58-4756C1E928E6}.Template|Win32.ActiveCfg = Full Debug|Win32
		{1F47D2CA-05A3-46F1-AD58-4756C1E928E6}.Template|Win32.Build.0 = Full Debug|Win32
		{1F47D2CA-05A3-46F1-AD58-4756C1E928E6}.Template|x64.ActiveCfg = Full Debug|Win32
		{1F47D2CA-05A3-46F1-AD58-4756C1E928E6}.Template|x64.Build.0 = Full Debug|Win32
		{1F47D2CA-05A3-46F1-AD58-4756C1E928E6}.Template|x86.ActiveCfg = Full Debug|Win32
		{1F47D2CA-05A3-46F1-AD58-4756C1E928E6}.Template|x86.Build.0 = Full Debug|Win32
		{1F47D2CA-05A3-46F1-AD58-4756C1E928E6}.TextClientDebug|Win32.ActiveCfg = Debug|Win32
		{1F47D2CA-05A3-46F1-AD58-4756C1E928E6}.TextClientDebug|Win32.Build.0 = Debug|Win32
		{1F47D2CA-05A3-46F1-AD58-4756C1E928E6}.TextClientDebug|x64.ActiveCfg = Full Debug|Win32
		{1F47D2CA-05A3-46F1-AD58-4756C1E928E6}.TextClientDebug|x64.Build.0 = Full Debug|Win32
		{1F47D2CA-05A3-46F1-AD58-4756C1E928E6}.TextClientDebug|x86.ActiveCfg = Debug|Win32
		{1F47D2CA-05A3-46F1-AD58-4756C1E928E6}.TextClientDebug|x86.Build.0 = Debug|Win32
		{57E19F61-4D16-4D65-92C8-15127663DE4C}.Beaconizer|Win32.ActiveCfg = Full Debug|Win32
		{57E19F61-4D16-4D65-92C8-15127663DE4C}.Beaconizer|Win32.Build.0 = Full Debug|Win32
		{57E19F61-4D16-4D65-92C8-15127663DE4C}.Beaconizer|x64.ActiveCfg = Full Debug|Win32
		{57E19F61-4D16-4D65-92C8-15127663DE4C}.Beaconizer|x64.Build.0 = Full Debug|Win32
		{57E19F61-4D16-4D65-92C8-15127663DE4C}.Beaconizer|x86.ActiveCfg = Full Debug|Win32
		{57E19F61-4D16-4D65-92C8-15127663DE4C}.Beaconizer|x86.Build.0 = Full Debug|Win32
		{57E19F61-4D16-4D65-92C8-15127663DE4C}.Debug MX|Win32.ActiveCfg = Debug|Win32
		{57E19F61-4D16-4D65-92C8-15127663DE4C}.Debug MX|Win32.Build.0 = Debug|Win32
		{57E19F61-4D16-4D65-92C8-15127663DE4C}.Debug MX|x64.ActiveCfg = Full Debug|Win32
		{57E19F61-4D16-4D65-92C8-15127663DE4C}.Debug MX|x64.Build.0 = Full Debug|Win32
		{57E19F61-4D16-4D65-92C8-15127663DE4C}.Debug MX|x86.ActiveCfg = Debug|Win32
		{57E19F61-4D16-4D65-92C8-15127663DE4C}.Debug MX|x86.Build.0 = Debug|Win32
		{57E19F61-4D16-4D65-92C8-15127663DE4C}.Debug|Win32.ActiveCfg = Debug|Win32
		{57E19F61-4D16-4D65-92C8-15127663DE4C}.Debug|Win32.Build.0 = Debug|Win32
		{57E19F61-4D16-4D65-92C8-15127663DE4C}.Debug|x64.ActiveCfg = Debug|Win32
		{57E19F61-4D16-4D65-92C8-15127663DE4C}.Debug|x86.ActiveCfg = Debug|Win32
		{57E19F61-4D16-4D65-92C8-15127663DE4C}.Debug|x86.Build.0 = Debug|Win32
		{57E19F61-4D16-4D65-92C8-15127663DE4C}.Full Debug|Win32.ActiveCfg = Full Debug|Win32
		{57E19F61-4D16-4D65-92C8-15127663DE4C}.Full Debug|Win32.Build.0 = Full Debug|Win32
		{57E19F61-4D16-4D65-92C8-15127663DE4C}.Full Debug|x64.ActiveCfg = Full Debug|Win32
		{57E19F61-4D16-4D65-92C8-15127663DE4C}.Full Debug|x86.ActiveCfg = Full Debug|Win32
		{57E19F61-4D16-4D65-92C8-15127663DE4C}.Full Debug|x86.Build.0 = Full Debug|Win32
		{57E19F61-4D16-4D65-92C8-15127663DE4C}.Opt Debug|Win32.ActiveCfg = Debug|Win32
		{57E19F61-4D16-4D65-92C8-15127663DE4C}.Opt Debug|Win32.Build.0 = Debug|Win32
		{57E19F61-4D16-4D65-92C8-15127663DE4C}.Opt Debug|x64.ActiveCfg = Full Debug|Win32
		{57E19F61-4D16-4D65-92C8-15127663DE4C}.Opt Debug|x64.Build.0 = Full Debug|Win32
		{57E19F61-4D16-4D65-92C8-15127663DE4C}.Opt Debug|x86.ActiveCfg = Debug|Win32
		{57E19F61-4D16-4D65-92C8-15127663DE4C}.Opt Debug|x86.Build.0 = Debug|Win32
		{57E19F61-4D16-4D65-92C8-15127663DE4C}.Release MX|Win32.ActiveCfg = Full Debug|Win32
		{57E19F61-4D16-4D65-92C8-15127663DE4C}.Release MX|Win32.Build.0 = Full Debug|Win32
		{57E19F61-4D16-4D65-92C8-15127663DE4C}.Release MX|x64.ActiveCfg = Full Debug|Win32
		{57E19F61-4D16-4D65-92C8-15127663DE4C}.Release MX|x64.Build.0 = Full Debug|Win32
		{57E19F61-4D16-4D65-92C8-15127663DE4C}.Release MX|x86.ActiveCfg = Full Debug|Win32
		{57E19F61-4D16-4D65-92C8-15127663DE4C}.Release MX|x86.Build.0 = Full Debug|Win32
		{57E19F61-4D16-4D65-92C8-15127663DE4C}.Release|Win32.ActiveCfg = Full Debug|Win32
		{57E19F61-4D16-4D65-92C8-15127663DE4C}.Release|Win32.Build.0 = Full Debug|Win32
		{57E19F61-4D16-4D65-92C8-15127663DE4C}.Release|x64.ActiveCfg = Full Debug|Win32
		{57E19F61-4D16-4D65-92C8-15127663DE4C}.Release|x64.Build.0 = Full Debug|Win32
		{57E19F61-4D16-4D65-92C8-15127663DE4C}.Release|x86.ActiveCfg = Full Debug|Win32
		{57E19F61-4D16-4D65-92C8-15127663DE4C}.Release|x86.Build.0 = Full Debug|Win32
		{57E19F61-4D16-4D65-92C8-15127663DE4C}.Template|Win32.ActiveCfg = Full Debug|Win32
		{57E19F61-4D16-4D65-92C8-15127663DE4C}.Template|Win32.Build.0 = Full Debug|Win32
		{57E19F61-4D16-4D65-92C8-15127663DE4C}.Template|x64.ActiveCfg = Full Debug|Win32
		{57E19F61-4D16-4D65-92C8-15127663DE4C}.Template|x64.Build.0 = Full Debug|Win32
		{57E19F61-4D16-4D65-92C8-15127663DE4C}.Template|x86.ActiveCfg = Full Debug|Win32
		{57E19F61-4D16-4D65-92C8-15127663DE4C}.Template|x86.Build.0 = Full Debug|Win32
		{57E19F61-4D16-4D65-92C8-15127663DE4C}.TextClientDebug|Win32.ActiveCfg = Debug|Win32
		{57E19F61-4D16-4D65-92C8-15127663DE4C}.TextClientDebug|Win32.Build.0 = Debug|Win32
		{57E19F61-4D16-4D65-92C8-15127663DE4C}.TextClientDebug|x64.ActiveCfg = Full Debug|Win32
		{57E19F61-4D16-4D65-92C8-15127663DE4C}.TextClientDebug|x64.Build.0 = Full Debug|Win32
		{57E19F61-4D16-4D65-92C8-15127663DE4C}.TextClientDebug|x86.ActiveCfg = Debug|Win32
		{57E19F61-4D16-4D65-92C8-15127663DE4C}.TextClientDebug|x86.Build.0 = Debug|Win32
		{A6741F6E-5476-4F9F-9D65-62B54AAF1D08}.Beaconizer|Win32.ActiveCfg = Release|Win32
		{A6741F6E-5476-4F9F-9D65-62B54AAF1D08}.Beaconizer|Win32.Build.0 = Release|Win32
		{A6741F6E-5476-4F9F-9D65-62B54AAF1D08}.Beaconizer|x64.ActiveCfg = Release|x64
		{A6741F6E-5476-4F9F-9D65-62B54AAF1D08}.Beaconizer|x64.Build.0 = Release|x64
		{A6741F6E-5476-4F9F-9D65-62B54AAF1D08}.Beaconizer|x86.ActiveCfg = Release|Win32
		{A6741F6E-5476-4F9F-9D65-62B54AAF1D08}.Beaconizer|x86.Build.0 = Release|Win32
		{A6741F6E-5476-4F9F-9D65-62B54AAF1D08}.Debug MX|Win32.ActiveCfg = Debug|Win32
		{A6741F6E-5476-4F9F-9D65-62B54AAF1D08}.Debug MX|Win32.Build.0 = Debug|Win32
		{A6741F6E-5476-4F9F-9D65-62B54AAF1D08}.Debug MX|x64.ActiveCfg = Debug|x64
		{A6741F6E-5476-4F9F-9D65-62B54AAF1D08}.Debug MX|x64.Build.0 = Debug|x64
		{A6741F6E-5476-4F9F-9D65-62B54AAF1D08}.Debug MX|x86.ActiveCfg = Debug|Win32
		{A6741F6E-5476-4F9F-9D65-62B54AAF1D08}.Debug MX|x86.Build.0 = Debug|Win32
		{A6741F6E-5476-4F9F-9D65-62B54AAF1D08}.Debug|Win32.ActiveCfg = Debug|Win32
		{A6741F6E-5476-4F9F-9D65-62B54AAF1D08}.Debug|Win32.Build.0 = Debug|Win32
		{A6741F6E-5476-4F9F-9D65-62B54AAF1D08}.Debug|x64.ActiveCfg = Debug|x64
		{A6741F6E-5476-4F9F-9D65-62B54AAF1D08}.Debug|x64.Build.0 = Debug|x64
		{A6741F6E-5476-4F9F-9D65-62B54AAF1D08}.Debug|x86.ActiveCfg = Debug|Win32
		{A6741F6E-5476-4F9F-9D65-62B54AAF1D08}.Debug|x86.Build.0 = Debug|Win32
		{A6741F6E-5476-4F9F-9D65-62B54AAF1D08}.Full Debug|Win32.ActiveCfg = Full Debug|Win32
		{A6741F6E-5476-4F9F-9D65-62B54AAF1D08}.Full Debug|Win32.Build.0 = Full Debug|Win32
		{A6741F6E-5476-4F9F-9D65-62B54AAF1D08}.Full Debug|x64.ActiveCfg = Full Debug|x64
		{A6741F6E-5476-4F9F-9D65-62B54AAF1D08}.Full Debug|x64.Build.0 = Full Debug|x64
		{A6741F6E-5476-4F9F-9D65-62B54AAF1D08}.Full Debug|x86.ActiveCfg = Full Debug|Win32
		{A6741F6E-5476-4F9F-9D65-62B54AAF1D08}.Full Debug|x86.Build.0 = Full Debug|Win32
		{A6741F6E-5476-4F9F-9D65-62B54AAF1D08}.Opt Debug|Win32.ActiveCfg = Opt Debug|Win32
		{A6741F6E-5476-4F9F-9D65-62B54AAF1D08}.Opt Debug|Win32.Build.0 = Opt Debug|Win32
		{A6741F6E-5476-4F9F-9D65-62B54AAF1D08}.Opt Debug|x64.ActiveCfg = Opt Debug|x64
		{A6741F6E-5476-4F9F-9D65-62B54AAF1D08}.Opt Debug|x64.Build.0 = Opt Debug|x64
		{A6741F6E-5476-4F9F-9D65-62B54AAF1D08}.Opt Debug|x86.ActiveCfg = Opt Debug|Win32
		{A6741F6E-5476-4F9F-9D65-62B54AAF1D08}.Opt Debug|x86.Build.0 = Opt Debug|Win32
		{A6741F6E-5476-4F9F-9D65-62B54AAF1D08}.Release MX|Win32.ActiveCfg = Release|Win32
		{A6741F6E-5476-4F9F-9D65-62B54AAF1D08}.Release MX|Win32.Build.0 = Release|Win32
		{A6741F6E-5476-4F9F-9D65-62B54AAF1D08}.Release MX|x64.ActiveCfg = Release|x64
		{A6741F6E-5476-4F9F-9D65-62B54AAF1D08}.Release MX|x64.Build.0 = Release|x64
		{A6741F6E-5476-4F9F-9D65-62B54AAF1D08}.Release MX|x86.ActiveCfg = Release|Win32
		{A6741F6E-5476-4F9F-9D65-62B54AAF1D08}.Release MX|x86.Build.0 = Release|Win32
		{A6741F6E-5476-4F9F-9D65-62B54AAF1D08}.Release|Win32.ActiveCfg = Release|Win32
		{A6741F6E-5476-4F9F-9D65-62B54AAF1D08}.Release|Win32.Build.0 = Release|Win32
		{A6741F6E-5476-4F9F-9D65-62B54AAF1D08}.Release|x64.ActiveCfg = Release|x64
		{A6741F6E-5476-4F9F-9D65-62B54AAF1D08}.Release|x64.Build.0 = Release|x64
		{A6741F6E-5476-4F9F-9D65-62B54AAF1D08}.Release|x86.ActiveCfg = Release|Win32
		{A6741F6E-5476-4F9F-9D65-62B54AAF1D08}.Release|x86.Build.0 = Release|Win32
		{A6741F6E-5476-4F9F-9D65-62B54AAF1D08}.Template|Win32.ActiveCfg = Release|Win32
		{A6741F6E-5476-4F9F-9D65-62B54AAF1D08}.Template|Win32.Build.0 = Release|Win32
		{A6741F6E-5476-4F9F-9D65-62B54AAF1D08}.Template|x64.ActiveCfg = Release|x64
		{A6741F6E-5476-4F9F-9D65-62B54AAF1D08}.Template|x64.Build.0 = Release|x64
		{A6741F6E-5476-4F9F-9D65-62B54AAF1D08}.Template|x86.ActiveCfg = Release|Win32
		{A6741F6E-5476-4F9F-9D65-62B54AAF1D08}.Template|x86.Build.0 = Release|Win32
		{A6741F6E-5476-4F9F-9D65-62B54AAF1D08}.TextClientDebug|Win32.ActiveCfg = Debug|Win32
		{A6741F6E-5476-4F9F-9D65-62B54AAF1D08}.TextClientDebug|Win32.Build.0 = Debug|Win32
		{A6741F6E-5476-4F9F-9D65-62B54AAF1D08}.TextClientDebug|x64.ActiveCfg = Debug|x64
		{A6741F6E-5476-4F9F-9D65-62B54AAF1D08}.TextClientDebug|x64.Build.0 = Debug|x64
		{A6741F6E-5476-4F9F-9D65-62B54AAF1D08}.TextClientDebug|x86.ActiveCfg = Debug|Win32
		{A6741F6E-5476-4F9F-9D65-62B54AAF1D08}.TextClientDebug|x86.Build.0 = Debug|Win32
		{4AA11062-3CF4-4267-B1BF-0B735047A58E}.Beaconizer|Win32.ActiveCfg = Full Debug|Win32
		{4AA11062-3CF4-4267-B1BF-0B735047A58E}.Beaconizer|Win32.Build.0 = Full Debug|Win32
		{4AA11062-3CF4-4267-B1BF-0B735047A58E}.Beaconizer|x64.ActiveCfg = Full Debug|Win32
		{4AA11062-3CF4-4267-B1BF-0B735047A58E}.Beaconizer|x64.Build.0 = Full Debug|Win32
		{4AA11062-3CF4-4267-B1BF-0B735047A58E}.Beaconizer|x86.ActiveCfg = Full Debug|Win32
		{4AA11062-3CF4-4267-B1BF-0B735047A58E}.Beaconizer|x86.Build.0 = Full Debug|Win32
		{4AA11062-3CF4-4267-B1BF-0B735047A58E}.Debug MX|Win32.ActiveCfg = Debug|Win32
		{4AA11062-3CF4-4267-B1BF-0B735047A58E}.Debug MX|Win32.Build.0 = Debug|Win32
		{4AA11062-3CF4-4267-B1BF-0B735047A58E}.Debug MX|x64.ActiveCfg = Full Debug|Win32
		{4AA11062-3CF4-4267-B1BF-0B735047A58E}.Debug MX|x64.Build.0 = Full Debug|Win32
		{4AA11062-3CF4-4267-B1BF-0B735047A58E}.Debug MX|x86.ActiveCfg = Debug|Win32
		{4AA11062-3CF4-4267-B1BF-0B735047A58E}.Debug MX|x86.Build.0 = Debug|Win32
		{4AA11062-3CF4-4267-B1BF-0B735047A58E}.Debug|Win32.ActiveCfg = Debug|Win32
		{4AA11062-3CF4-4267-B1BF-0B735047A58E}.Debug|Win32.Build.0 = Debug|Win32
		{4AA11062-3CF4-4267-B1BF-0B735047A58E}.Debug|x64.ActiveCfg = Debug|Win32
		{4AA11062-3CF4-4267-B1BF-0B735047A58E}.Debug|x86.ActiveCfg = Debug|Win32
		{4AA11062-3CF4-4267-B1BF-0B735047A58E}.Debug|x86.Build.0 = Debug|Win32
		{4AA11062-3CF4-4267-B1BF-0B735047A58E}.Full Debug|Win32.ActiveCfg = Full Debug|Win32
		{4AA11062-3CF4-4267-B1BF-0B735047A58E}.Full Debug|Win32.Build.0 = Full Debug|Win32
		{4AA11062-3CF4-4267-B1BF-0B735047A58E}.Full Debug|x64.ActiveCfg = Full Debug|Win32
		{4AA11062-3CF4-4267-B1BF-0B735047A58E}.Full Debug|x86.ActiveCfg = Full Debug|Win32
		{4AA11062-3CF4-4267-B1BF-0B735047A58E}.Full Debug|x86.Build.0 = Full Debug|Win32
		{4AA11062-3CF4-4267-B1BF-0B735047A58E}.Opt Debug|Win32.ActiveCfg = Debug|Win32
		{4AA11062-3CF4-4267-B1BF-0B735047A58E}.Opt Debug|Win32.Build.0 = Debug|Win32
		{4AA11062-3CF4-4267-B1BF-0B735047A58E}.Opt Debug|x64.ActiveCfg = Full Debug|Win32
		{4AA11062-3CF4-4267-B1BF-0B735047A58E}.Opt Debug|x64.Build.0 = Full Debug|Win32
		{4AA11062-3CF4-4267-B1BF-0B735047A58E}.Opt Debug|x86.ActiveCfg = Debug|Win32
		{4AA11062-3CF4-4267-B1BF-0B735047A58E}.Opt Debug|x86.Build.0 = Debug|Win32
		{4AA11062-3CF4-4267-B1BF-0B735047A58E}.Release MX|Win32.ActiveCfg = Full Debug|Win32
		{4AA11062-3CF4-4267-B1BF-0B735047A58E}.Release MX|Win32.Build.0 = Full Debug|Win32
		{4AA11062-3CF4-4267-B1BF-0B735047A58E}.Release MX|x64.ActiveCfg = Full Debug|Win32
		{4AA11062-3CF4-4267-B1BF-0B735047A58E}.Release MX|x64.Build.0 = Full Debug|Win32
		{4AA11062-3CF4-4267-B1BF-0B735047A58E}.Release MX|x86.ActiveCfg = Full Debug|Win32
		{4AA11062-3CF4-4267-B1BF-0B735047A58E}.Release MX|x86.Build.0 = Full Debug|Win32
		{4AA11062-3CF4-4267-B1BF-0B735047A58E}.Release|Win32.ActiveCfg = Full Debug|Win32
		{4AA11062-3CF4-4267-B1BF-0B735047A58E}.Release|Win32.Build.0 = Full Debug|Win32
		{4AA11062-3CF4-4267-B1BF-0B735047A58E}.Release|x64.ActiveCfg = Full Debug|Win32
		{4AA11062-3CF4-4267-B1BF-0B735047A58E}.Release|x64.Build.0 = Full Debug|Win32
		{4AA11062-3CF4-4267-B1BF-0B735047A58E}.Release|x86.ActiveCfg = Full Debug|Win32
		{4AA11062-3CF4-4267-B1BF-0B735047A58E}.Release|x86.Build.0 = Full Debug|Win32
		{4AA11062-3CF4-4267-B1BF-0B735047A58E}.Template|Win32.ActiveCfg = Full Debug|Win32
		{4AA11062-3CF4-4267-B1BF-0B735047A58E}.Template|Win32.Build.0 = Full Debug|Win32
		{4AA11062-3CF4-4267-B1BF-0B735047A58E}.Template|x64.ActiveCfg = Full Debug|Win32
		{4AA11062-3CF4-4267-B1BF-0B735047A58E}.Template|x64.Build.0 = Full Debug|Win32
		{4AA11062-3CF4-4267-B1BF-0B735047A58E}.Template|x86.ActiveCfg = Full Debug|Win32
		{4AA11062-3CF4-4267-B1BF-0B735047A58E}.Template|x86.Build.0 = Full Debug|Win32
		{4AA11062-3CF4-4267-B1BF-0B735047A58E}.TextClientDebug|Win32.ActiveCfg = Debug|Win32
		{4AA11062-3CF4-4267-B1BF-0B735047A58E}.TextClientDebug|Win32.Build.0 = Debug|Win32
		{4AA11062-3CF4-4267-B1BF-0B735047A58E}.TextClientDebug|x64.ActiveCfg = Full Debug|Win32
		{4AA11062-3CF4-4267-B1BF-0B735047A58E}.TextClientDebug|x64.Build.0 = Full Debug|Win32
		{4AA11062-3CF4-4267-B1BF-0B735047A58E}.TextClientDebug|x86.ActiveCfg = Debug|Win32
		{4AA11062-3CF4-4267-B1BF-0B735047A58E}.TextClientDebug|x86.Build.0 = Debug|Win32
		{2D44B585-928F-4FFE-A3C8-6ACEBCB6409F}.Beaconizer|Win32.ActiveCfg = Release|Win32
		{2D44B585-928F-4FFE-A3C8-6ACEBCB6409F}.Beaconizer|Win32.Build.0 = Release|Win32
		{2D44B585-928F-4FFE-A3C8-6ACEBCB6409F}.Beaconizer|x64.ActiveCfg = Release|Win32
		{2D44B585-928F-4FFE-A3C8-6ACEBCB6409F}.Beaconizer|x64.Build.0 = Release|Win32
		{2D44B585-928F-4FFE-A3C8-6ACEBCB6409F}.Beaconizer|x86.ActiveCfg = Release|Win32
		{2D44B585-928F-4FFE-A3C8-6ACEBCB6409F}.Beaconizer|x86.Build.0 = Release|Win32
		{2D44B585-928F-4FFE-A3C8-6ACEBCB6409F}.Debug MX|Win32.ActiveCfg = Debug|Win32
		{2D44B585-928F-4FFE-A3C8-6ACEBCB6409F}.Debug MX|Win32.Build.0 = Debug|Win32
		{2D44B585-928F-4FFE-A3C8-6ACEBCB6409F}.Debug MX|x64.ActiveCfg = Release|Win32
		{2D44B585-928F-4FFE-A3C8-6ACEBCB6409F}.Debug MX|x64.Build.0 = Release|Win32
		{2D44B585-928F-4FFE-A3C8-6ACEBCB6409F}.Debug MX|x86.ActiveCfg = Debug|Win32
		{2D44B585-928F-4FFE-A3C8-6ACEBCB6409F}.Debug MX|x86.Build.0 = Debug|Win32
		{2D44B585-928F-4FFE-A3C8-6ACEBCB6409F}.Debug|Win32.ActiveCfg = Debug|Win32
		{2D44B585-928F-4FFE-A3C8-6ACEBCB6409F}.Debug|Win32.Build.0 = Debug|Win32
		{2D44B585-928F-4FFE-A3C8-6ACEBCB6409F}.Debug|x64.ActiveCfg = Debug|Win32
		{2D44B585-928F-4FFE-A3C8-6ACEBCB6409F}.Debug|x86.ActiveCfg = Debug|Win32
		{2D44B585-928F-4FFE-A3C8-6ACEBCB6409F}.Debug|x86.Build.0 = Debug|Win32
		{2D44B585-928F-4FFE-A3C8-6ACEBCB6409F}.Full Debug|Win32.ActiveCfg = Debug|Win32
		{2D44B585-928F-4FFE-A3C8-6ACEBCB6409F}.Full Debug|Win32.Build.0 = Debug|Win32
		{2D44B585-928F-4FFE-A3C8-6ACEBCB6409F}.Full Debug|x64.ActiveCfg = Release|Win32
		{2D44B585-928F-4FFE-A3C8-6ACEBCB6409F}.Full Debug|x64.Build.0 = Release|Win32
		{2D44B585-928F-4FFE-A3C8-6ACEBCB6409F}.Full Debug|x86.ActiveCfg = Debug|Win32
		{2D44B585-928F-4FFE-A3C8-6ACEBCB6409F}.Full Debug|x86.Build.0 = Debug|Win32
		{2D44B585-928F-4FFE-A3C8-6ACEBCB6409F}.Opt Debug|Win32.ActiveCfg = Debug|Win32
		{2D44B585-928F-4FFE-A3C8-6ACEBCB6409F}.Opt Debug|Win32.Build.0 = Debug|Win32
		{2D44B585-928F-4FFE-A3C8-6ACEBCB6409F}.Opt Debug|x64.ActiveCfg = Release|Win32
		{2D44B585-928F-4FFE-A3C8-6ACEBCB6409F}.Opt Debug|x64.Build.0 = Release|Win32
		{2D44B585-928F-4FFE-A3C8-6ACEBCB6409F}.Opt Debug|x86.ActiveCfg = Debug|Win32
		{2D44B585-928F-4FFE-A3C8-6ACEBCB6409F}.Opt Debug|x86.Build.0 = Debug|Win32
		{2D44B585-928F-4FFE-A3C8-6ACEBCB6409F}.Release MX|Win32.ActiveCfg = Release|Win32
		{2D44B585-928F-4FFE-A3C8-6ACEBCB6409F}.Release MX|Win32.Build.0 = Release|Win32
		{2D44B585-928F-4FFE-A3C8-6ACEBCB6409F}.Release MX|x64.ActiveCfg = Release|Win32
		{2D44B585-928F-4FFE-A3C8-6ACEBCB6409F}.Release MX|x64.Build.0 = Release|Win32
		{2D44B585-928F-4FFE-A3C8-6ACEBCB6409F}.Release MX|x86.ActiveCfg = Release|Win32
		{2D44B585-928F-4FFE-A3C8-6ACEBCB6409F}.Release MX|x86.Build.0 = Release|Win32
		{2D44B585-928F-4FFE-A3C8-6ACEBCB6409F}.Release|Win32.ActiveCfg = Release|Win32
		{2D44B585-928F-4FFE-A3C8-6ACEBCB6409F}.Release|Win32.Build.0 = Release|Win32
		{2D44B585-928F-4FFE-A3C8-6ACEBCB6409F}.Release|x64.ActiveCfg = Release|Win32
		{2D44B585-928F-4FFE-A3C8-6ACEBCB6409F}.Release|x86.ActiveCfg = Release|Win32
		{2D44B585-928F-4FFE-A3C8-6ACEBCB6409F}.Release|x86.Build.0 = Release|Win32
		{2D44B585-928F-4FFE-A3C8-6ACEBCB6409F}.Template|Win32.ActiveCfg = Release|Win32
		{2D44B585-928F-4FFE-A3C8-6ACEBCB6409F}.Template|Win32.Build.0 = Release|Win32
		{2D44B585-928F-4FFE-A3C8-6ACEBCB6409F}.Template|x64.ActiveCfg = Release|Win32
		{2D44B585-928F-4FFE-A3C8-6ACEBCB6409F}.Template|x64.Build.0 = Release|Win32
		{2D44B585-928F-4FFE-A3C8-6ACEBCB6409F}.Template|x86.ActiveCfg = Release|Win32
		{2D44B585-928F-4FFE-A3C8-6ACEBCB6409F}.Template|x86.Build.0 = Release|Win32
		{2D44B585-928F-4FFE-A3C8-6ACEBCB6409F}.TextClientDebug|Win32.ActiveCfg = Debug|Win32
		{2D44B585-928F-4FFE-A3C8-6ACEBCB6409F}.TextClientDebug|Win32.Build.0 = Debug|Win32
		{2D44B585-928F-4FFE-A3C8-6ACEBCB6409F}.TextClientDebug|x64.ActiveCfg = Release|Win32
		{2D44B585-928F-4FFE-A3C8-6ACEBCB6409F}.TextClientDebug|x64.Build.0 = Release|Win32
		{2D44B585-928F-4FFE-A3C8-6ACEBCB6409F}.TextClientDebug|x86.ActiveCfg = Debug|Win32
		{2D44B585-928F-4FFE-A3C8-6ACEBCB6409F}.TextClientDebug|x86.Build.0 = Debug|Win32
		{A4B81847-B9B2-4766-A203-F28567E053CF}.Beaconizer|Win32.ActiveCfg = Release|Win32
		{A4B81847-B9B2-4766-A203-F28567E053CF}.Beaconizer|Win32.Build.0 = Release|Win32
		{A4B81847-B9B2-4766-A203-F28567E053CF}.Beaconizer|x64.ActiveCfg = Release|x64
		{A4B81847-B9B2-4766-A203-F28567E053CF}.Beaconizer|x64.Build.0 = Release|x64
		{A4B81847-B9B2-4766-A203-F28567E053CF}.Beaconizer|x86.ActiveCfg = Release|Win32
		{A4B81847-B9B2-4766-A203-F28567E053CF}.Beaconizer|x86.Build.0 = Release|Win32
		{A4B81847-B9B2-4766-A203-F28567E053CF}.Debug MX|Win32.ActiveCfg = Debug|Win32
		{A4B81847-B9B2-4766-A203-F28567E053CF}.Debug MX|Win32.Build.0 = Debug|Win32
		{A4B81847-B9B2-4766-A203-F28567E053CF}.Debug MX|x64.ActiveCfg = Debug|x64
		{A4B81847-B9B2-4766-A203-F28567E053CF}.Debug MX|x64.Build.0 = Debug|x64
		{A4B81847-B9B2-4766-A203-F28567E053CF}.Debug MX|x86.ActiveCfg = Debug|Win32
		{A4B81847-B9B2-4766-A203-F28567E053CF}.Debug MX|x86.Build.0 = Debug|Win32
		{A4B81847-B9B2-4766-A203-F28567E053CF}.Debug|Win32.ActiveCfg = Debug|Win32
		{A4B81847-B9B2-4766-A203-F28567E053CF}.Debug|Win32.Build.0 = Debug|Win32
		{A4B81847-B9B2-4766-A203-F28567E053CF}.Debug|x64.ActiveCfg = Debug|x64
		{A4B81847-B9B2-4766-A203-F28567E053CF}.Debug|x64.Build.0 = Debug|x64
		{A4B81847-B9B2-4766-A203-F28567E053CF}.Debug|x86.ActiveCfg = Debug|Win32
		{A4B81847-B9B2-4766-A203-F28567E053CF}.Debug|x86.Build.0 = Debug|Win32
		{A4B81847-B9B2-4766-A203-F28567E053CF}.Full Debug|Win32.ActiveCfg = Debug|Win32
		{A4B81847-B9B2-4766-A203-F28567E053CF}.Full Debug|Win32.Build.0 = Debug|Win32
		{A4B81847-B9B2-4766-A203-F28567E053CF}.Full Debug|x64.ActiveCfg = Debug|x64
		{A4B81847-B9B2-4766-A203-F28567E053CF}.Full Debug|x64.Build.0 = Debug|x64
		{A4B81847-B9B2-4766-A203-F28567E053CF}.Full Debug|x86.ActiveCfg = Debug|Win32
		{A4B81847-B9B2-4766-A203-F28567E053CF}.Full Debug|x86.Build.0 = Debug|Win32
		{A4B81847-B9B2-4766-A203-F28567E053CF}.Opt Debug|Win32.ActiveCfg = Debug|Win32
		{A4B81847-B9B2-4766-A203-F28567E053CF}.Opt Debug|Win32.Build.0 = Debug|Win32
		{A4B81847-B9B2-4766-A203-F28567E053CF}.Opt Debug|x64.ActiveCfg = Debug|x64
		{A4B81847-B9B2-4766-A203-F28567E053CF}.Opt Debug|x64.Build.0 = Debug|x64
		{A4B81847-B9B2-4766-A203-F28567E053CF}.Opt Debug|x86.ActiveCfg = Debug|Win32
		{A4B81847-B9B2-4766-A203-F28567E053CF}.Opt Debug|x86.Build.0 = Debug|Win32
		{A4B81847-B9B2-4766-A203-F28567E053CF}.Release MX|Win32.ActiveCfg = Release|Win32
		{A4B81847-B9B2-4766-A203-F28567E053CF}.Release MX|Win32.Build.0 = Release|Win32
		{A4B81847-B9B2-4766-A203-F28567E053CF}.Release MX|x64.ActiveCfg = Release|x64
		{A4B81847-B9B2-4766-A203-F28567E053CF}.Release MX|x64.Build.0 = Release|x64
		{A4B81847-B9B2-4766-A203-F28567E053CF}.Release MX|x86.ActiveCfg = Release|Win32
		{A4B81847-B9B2-4766-A203-F28567E053CF}.Release MX|x86.Build.0 = Release|Win32
		{A4B81847-B9B2-4766-A203-F28567E053CF}.Release|Win32.ActiveCfg = Release|Win32
		{A4B81847-B9B2-4766-A203-F28567E053CF}.Release|Win32.Build.0 = Release|Win32
		{A4B81847-B9B2-4766-A203-F28567E053CF}.Release|x64.ActiveCfg = Release|x64
		{A4B81847-B9B2-4766-A203-F28567E053CF}.Release|x64.Build.0 = Release|x64
		{A4B81847-B9B2-4766-A203-F28567E053CF}.Release|x86.ActiveCfg = Release|Win32
		{A4B81847-B9B2-4766-A203-F28567E053CF}.Release|x86.Build.0 = Release|Win32
		{A4B81847-B9B2-4766-A203-F28567E053CF}.Template|Win32.ActiveCfg = Release|Win32
		{A4B81847-B9B2-4766-A203-F28567E053CF}.Template|Win32.Build.0 = Release|Win32
		{A4B81847-B9B2-4766-A203-F28567E053CF}.Template|x64.ActiveCfg = Release|x64
		{A4B81847-B9B2-4766-A203-F28567E053CF}.Template|x64.Build.0 = Release|x64
		{A4B81847-B9B2-4766-A203-F28567E053CF}.Template|x86.ActiveCfg = Release|Win32
		{A4B81847-B9B2-4766-A203-F28567E053CF}.Template|x86.Build.0 = Release|Win32
		{A4B81847-B9B2-4766-A203-F28567E053CF}.TextClientDebug|Win32.ActiveCfg = Debug|Win32
		{A4B81847-B9B2-4766-A203-F28567E053CF}.TextClientDebug|Win32.Build.0 = Debug|Win32
		{A4B81847-B9B2-4766-A203-F28567E053CF}.TextClientDebug|x64.ActiveCfg = Debug|x64
		{A4B81847-B9B2-4766-A203-F28567E053CF}.TextClientDebug|x64.Build.0 = Debug|x64
		{A4B81847-B9B2-4766-A203-F28567E053CF}.TextClientDebug|x86.ActiveCfg = Debug|Win32
		{A4B81847-B9B2-4766-A203-F28567E053CF}.TextClientDebug|x86.Build.0 = Debug|Win32
		{745DEC58-EBB3-47A9-A9B8-4C6627C01BF8}.Beaconizer|Win32.ActiveCfg = Release|Win32
		{745DEC58-EBB3-47A9-A9B8-4C6627C01BF8}.Beaconizer|Win32.Build.0 = Release|Win32
		{745DEC58-EBB3-47A9-A9B8-4C6627C01BF8}.Beaconizer|x64.ActiveCfg = Release|x64
		{745DEC58-EBB3-47A9-A9B8-4C6627C01BF8}.Beaconizer|x64.Build.0 = Release|x64
		{745DEC58-EBB3-47A9-A9B8-4C6627C01BF8}.Beaconizer|x86.ActiveCfg = Release|Win32
		{745DEC58-EBB3-47A9-A9B8-4C6627C01BF8}.Beaconizer|x86.Build.0 = Release|Win32
		{745DEC58-EBB3-47A9-A9B8-4C6627C01BF8}.Debug MX|Win32.ActiveCfg = Debug|Win32
		{745DEC58-EBB3-47A9-A9B8-4C6627C01BF8}.Debug MX|Win32.Build.0 = Debug|Win32
		{745DEC58-EBB3-47A9-A9B8-4C6627C01BF8}.Debug MX|x64.ActiveCfg = Debug|x64
		{745DEC58-EBB3-47A9-A9B8-4C6627C01BF8}.Debug MX|x64.Build.0 = Debug|x64
		{745DEC58-EBB3-47A9-A9B8-4C6627C01BF8}.Debug MX|x86.ActiveCfg = Debug|Win32
		{745DEC58-EBB3-47A9-A9B8-4C6627C01BF8}.Debug MX|x86.Build.0 = Debug|Win32
		{745DEC58-EBB3-47A9-A9B8-4C6627C01BF8}.Debug|Win32.ActiveCfg = Debug|Win32
		{745DEC58-EBB3-47A9-A9B8-4C6627C01BF8}.Debug|Win32.Build.0 = Debug|Win32
		{745DEC58-EBB3-47A9-A9B8-4C6627C01BF8}.Debug|x64.ActiveCfg = Debug|x64
		{745DEC58-EBB3-47A9-A9B8-4C6627C01BF8}.Debug|x64.Build.0 = Debug|x64
		{745DEC58-EBB3-47A9-A9B8-4C6627C01BF8}.Debug|x86.ActiveCfg = Debug|Win32
		{745DEC58-EBB3-47A9-A9B8-4C6627C01BF8}.Debug|x86.Build.0 = Debug|Win32
		{745DEC58-EBB3-47A9-A9B8-4C6627C01BF8}.Full Debug|Win32.ActiveCfg = Debug|Win32
		{745DEC58-EBB3-47A9-A9B8-4C6627C01BF8}.Full Debug|Win32.Build.0 = Debug|Win32
		{745DEC58-EBB3-47A9-A9B8-4C6627C01BF8}.Full Debug|x64.ActiveCfg = Debug|x64
		{745DEC58-EBB3-47A9-A9B8-4C6627C01BF8}.Full Debug|x64.Build.0 = Debug|x64
		{745DEC58-EBB3-47A9-A9B8-4C6627C01BF8}.Full Debug|x86.ActiveCfg = Debug|Win32
		{745DEC58-EBB3-47A9-A9B8-4C6627C01BF8}.Full Debug|x86.Build.0 = Debug|Win32
		{745DEC58-EBB3-47A9-A9B8-4C6627C01BF8}.Opt Debug|Win32.ActiveCfg = Debug|Win32
		{745DEC58-EBB3-47A9-A9B8-4C6627C01BF8}.Opt Debug|Win32.Build.0 = Debug|Win32
		{745DEC58-EBB3-47A9-A9B8-4C6627C01BF8}.Opt Debug|x64.ActiveCfg = Debug|x64
		{745DEC58-EBB3-47A9-A9B8-4C6627C01BF8}.Opt Debug|x64.Build.0 = Debug|x64
		{745DEC58-EBB3-47A9-A9B8-4C6627C01BF8}.Opt Debug|x86.ActiveCfg = Debug|Win32
		{745DEC58-EBB3-47A9-A9B8-4C6627C01BF8}.Opt Debug|x86.Build.0 = Debug|Win32
		{745DEC58-EBB3-47A9-A9B8-4C6627C01BF8}.Release MX|Win32.ActiveCfg = Release|Win32
		{745DEC58-EBB3-47A9-A9B8-4C6627C01BF8}.Release MX|Win32.Build.0 = Release|Win32
		{745DEC58-EBB3-47A9-A9B8-4C6627C01BF8}.Release MX|x64.ActiveCfg = Release|x64
		{745DEC58-EBB3-47A9-A9B8-4C6627C01BF8}.Release MX|x64.Build.0 = Release|x64
		{745DEC58-EBB3-47A9-A9B8-4C6627C01BF8}.Release MX|x86.ActiveCfg = Release|Win32
		{745DEC58-EBB3-47A9-A9B8-4C6627C01BF8}.Release MX|x86.Build.0 = Release|Win32
		{745DEC58-EBB3-47A9-A9B8-4C6627C01BF8}.Release|Win32.ActiveCfg = Release|Win32
		{745DEC58-EBB3-47A9-A9B8-4C6627C01BF8}.Release|Win32.Build.0 = Release|Win32
		{745DEC58-EBB3-47A9-A9B8-4C6627C01BF8}.Release|x64.ActiveCfg = Release|x64
		{745DEC58-EBB3-47A9-A9B8-4C6627C01BF8}.Release|x64.Build.0 = Release|x64
		{745DEC58-EBB3-47A9-A9B8-4C6627C01BF8}.Release|x86.ActiveCfg = Release|Win32
		{745DEC58-EBB3-47A9-A9B8-4C6627C01BF8}.Release|x86.Build.0 = Release|Win32
		{745DEC58-EBB3-47A9-A9B8-4C6627C01BF8}.Template|Win32.ActiveCfg = Release|Win32
		{745DEC58-EBB3-47A9-A9B8-4C6627C01BF8}.Template|Win32.Build.0 = Release|Win32
		{745DEC58-EBB3-47A9-A9B8-4C6627C01BF8}.Template|x64.ActiveCfg = Release|x64
		{745DEC58-EBB3-47A9-A9B8-4C6627C01BF8}.Template|x64.Build.0 = Release|x64
		{745DEC58-EBB3-47A9-A9B8-4C6627C01BF8}.Template|x86.ActiveCfg = Release|Win32
		{745DEC58-EBB3-47A9-A9B8-4C6627C01BF8}.Template|x86.Build.0 = Release|Win32
		{745DEC58-EBB3-47A9-A9B8-4C6627C01BF8}.TextClientDebug|Win32.ActiveCfg = Debug|Win32
		{745DEC58-EBB3-47A9-A9B8-4C6627C01BF8}.TextClientDebug|Win32.Build.0 = Debug|Win32
		{745DEC58-EBB3-47A9-A9B8-4C6627C01BF8}.TextClientDebug|x64.ActiveCfg = Debug|x64
		{745DEC58-EBB3-47A9-A9B8-4C6627C01BF8}.TextClientDebug|x64.Build.0 = Debug|x64
		{745DEC58-EBB3-47A9-A9B8-4C6627C01BF8}.TextClientDebug|x86.ActiveCfg = Debug|Win32
		{745DEC58-EBB3-47A9-A9B8-4C6627C01BF8}.TextClientDebug|x86.Build.0 = Debug|Win32
	EndGlobalSection
	GlobalSection(SolutionProperties) = preSolution
		HideSolutionNode = FALSE
	EndGlobalSection
	GlobalSection(ExtensibilityGlobals) = postSolution
		SolutionGuid = {92958597-4EA3-40B3-B42D-5727B1E8C8A4}
	EndGlobalSection
EndGlobal
